
Microsoft Visual Studio Solution File, Format Version 12.00
# Visual Studio Version 16
VisualStudioVersion = 16.0.31112.23
MinimumVisualStudioVersion = 10.0.40219.1
Project("{FAE04EC0-301F-11D3-BF4B-00C04F79EFBC}") = "Sample.D365.Core", "Sample.D365.Core\Sample.D365.Core.csproj", "{F3DE7CA4-E57B-40AC-8563-8E2B054D38B2}"
EndProject
Project("{FAE04EC0-301F-11D3-BF4B-00C04F79EFBC}") = "Sample.D365.Entities", "Sample.D365.Entities\Sample.D365.Entities.csproj", "{6D48AE76-C03C-4B2B-98CE-1D854E4CE407}"
EndProject
Project("{FAE04EC0-301F-11D3-BF4B-00C04F79EFBC}") = "Sample.D365.Solution", "Sample.D365.Solution\Sample.D365.Solution.csproj", "{183DF690-CC64-43EC-90D7-21A8D86C2985}"
EndProject
Project("{FAE04EC0-301F-11D3-BF4B-00C04F79EFBC}") = "Sample.D365.Plugins", "Sample.D365.Plugins\Sample.D365.Plugins.csproj", "{EEF0E743-B902-4E74-99E2-E113B2A718E0}"
EndProject
Project("{FAE04EC0-301F-11D3-BF4B-00C04F79EFBC}") = "Sample.D365.Workflows", "Sample.D365.Workflows\Sample.D365.Workflows.csproj", "{A9C80975-638D-429C-8007-DE9101F1D090}"
EndProject
Global
	GlobalSection(SolutionConfigurationPlatforms) = preSolution
		Debug|Any CPU = Debug|Any CPU
		Release|Any CPU = Release|Any CPU
	EndGlobalSection
	GlobalSection(ProjectConfigurationPlatforms) = postSolution
		{F3DE7CA4-E57B-40AC-8563-8E2B054D38B2}.Debug|Any CPU.ActiveCfg = Debug|Any CPU
		{F3DE7CA4-E57B-40AC-8563-8E2B054D38B2}.Debug|Any CPU.Build.0 = Debug|Any CPU
		{F3DE7CA4-E57B-40AC-8563-8E2B054D38B2}.Release|Any CPU.ActiveCfg = Release|Any CPU
		{F3DE7CA4-E57B-40AC-8563-8E2B054D38B2}.Release|Any CPU.Build.0 = Release|Any CPU
		{6D48AE76-C03C-4B2B-98CE-1D854E4CE407}.Debug|Any CPU.ActiveCfg = Debug|Any CPU
		{6D48AE76-C03C-4B2B-98CE-1D854E4CE407}.Debug|Any CPU.Build.0 = Debug|Any CPU
		{6D48AE76-C03C-4B2B-98CE-1D854E4CE407}.Release|Any CPU.ActiveCfg = Release|Any CPU
		{6D48AE76-C03C-4B2B-98CE-1D854E4CE407}.Release|Any CPU.Build.0 = Release|Any CPU
		{183DF690-CC64-43EC-90D7-21A8D86C2985}.Debug|Any CPU.ActiveCfg = Debug|Any CPU
		{183DF690-CC64-43EC-90D7-21A8D86C2985}.Debug|Any CPU.Build.0 = Debug|Any CPU
		{183DF690-CC64-43EC-90D7-21A8D86C2985}.Release|Any CPU.ActiveCfg = Release|Any CPU
		{183DF690-CC64-43EC-90D7-21A8D86C2985}.Release|Any CPU.Build.0 = Release|Any CPU
		{EEF0E743-B902-4E74-99E2-E113B2A718E0}.Debug|Any CPU.ActiveCfg = Debug|Any CPU
		{EEF0E743-B902-4E74-99E2-E113B2A718E0}.Debug|Any CPU.Build.0 = Debug|Any CPU
		{EEF0E743-B902-4E74-99E2-E113B2A718E0}.Release|Any CPU.ActiveCfg = Release|Any CPU
		{EEF0E743-B902-4E74-99E2-E113B2A718E0}.Release|Any CPU.Build.0 = Release|Any CPU
		{A9C80975-638D-429C-8007-DE9101F1D090}.Debug|Any CPU.ActiveCfg = Debug|Any CPU
		{A9C80975-638D-429C-8007-DE9101F1D090}.Debug|Any CPU.Build.0 = Debug|Any CPU
		{A9C80975-638D-429C-8007-DE9101F1D090}.Release|Any CPU.ActiveCfg = Release|Any CPU
		{A9C80975-638D-429C-8007-DE9101F1D090}.Release|Any CPU.Build.0 = Release|Any CPU
	EndGlobalSection
	GlobalSection(SolutionProperties) = preSolution
		HideSolutionNode = FALSE
	EndGlobalSection
	GlobalSection(ExtensibilityGlobals) = postSolution
		SolutionGuid = {38960DDB-0B1D-46CB-BD72-80EF5C10DBC4}
	EndGlobalSection
EndGlobal
